
Microsoft Visual Studio Solution File, Format Version 12.00
# Visual Studio Version 17
VisualStudioVersion = 17.4.33110.190
MinimumVisualStudioVersion = 10.0.40219.1
Project("{FAE04EC0-301F-11D3-BF4B-00C04F79EFBC}") = "Net7samples", "Net7samples.csproj", "{57B09CAE-D6EE-44FB-8F50-BD13C621BDC8}"
EndProject
Global
	GlobalSection(SolutionConfigurationPlatforms) = preSolution
		Debug|Any CPU = Debug|Any CPU
		Release|Any CPU = Release|Any CPU
	EndGlobalSection
	GlobalSection(ProjectConfigurationPlatforms) = postSolution
		{57B09CAE-D6EE-44FB-8F50-BD13C621BDC8}.Debug|Any CPU.ActiveCfg = Debug|Any CPU
		{57B09CAE-D6EE-44FB-8F50-BD13C621BDC8}.Debug|Any CPU.Build.0 = Debug|Any CPU
		{57B09CAE-D6EE-44FB-8F50-BD13C621BDC8}.Release|Any CPU.ActiveCfg = Release|Any CPU
		{57B09CAE-D6EE-44FB-8F50-BD13C621BDC8}.Release|Any CPU.Build.0 = Release|Any CPU
	EndGlobalSection
	GlobalSection(SolutionProperties) = preSolution
		HideSolutionNode = FALSE
	EndGlobalSection
	GlobalSection(ExtensibilityGlobals) = postSolution
		SolutionGuid = {FCB68D4C-D7CA-4544-83E5-BA55C7B3DACB}
	EndGlobalSection
EndGlobal
